
Microsoft Visual Studio Solution File, Format Version 12.00
# Visual Studio Version 17
VisualStudioVersion = 17.6.33815.320
MinimumVisualStudioVersion = 10.0.40219.1
Project("{FAE04EC0-301F-11D3-BF4B-00C04F79EFBC}") = "DemoApp2", "DemoApp2.csproj", "{CF26FD08-2E4B-4CBB-BABD-09C6E343A7D4}"
EndProject
Global
	GlobalSection(SolutionConfigurationPlatforms) = preSolution
		Debug|Any CPU = Debug|Any CPU
		Release|Any CPU = Release|Any CPU
	EndGlobalSection
	GlobalSection(ProjectConfigurationPlatforms) = postSolution
		{CF26FD08-2E4B-4CBB-BABD-09C6E343A7D4}.Debug|Any CPU.ActiveCfg = Debug|Any CPU
		{CF26FD08-2E4B-4CBB-BABD-09C6E343A7D4}.Debug|Any CPU.Build.0 = Debug|Any CPU
		{CF26FD08-2E4B-4CBB-BABD-09C6E343A7D4}.Release|Any CPU.ActiveCfg = Release|Any CPU
		{CF26FD08-2E4B-4CBB-BABD-09C6E343A7D4}.Release|Any CPU.Build.0 = Release|Any CPU
	EndGlobalSection
	GlobalSection(SolutionProperties) = preSolution
		HideSolutionNode = FALSE
	EndGlobalSection
	GlobalSection(ExtensibilityGlobals) = postSolution
		SolutionGuid = {13B85022-2B5A-4459-80F1-A4078F1B97BB}
	EndGlobalSection
EndGlobal
